Microsoft Visual Studio Solution File, Format Version 12.00
# Visual Studio Version 17
VisualStudioVersion = 17.0.31903.59
MinimumVisualStudioVersion = 10.0.40219.1
Project("{FAE04EC0-301F-11D3-BF4B-00C04F79EFBC}") = "AutoFix.SettingsUi", "ui\settings-ui\AutoFix.SettingsUi.csproj", "{A1C55F1E-57CB-4D58-915E-A77F3A4C5B21}"
EndProject
Project("{2150E333-8FDC-42A3-9474-1A3956D46DE8}") = "ui", "ui", "{413417B5-7CE1-4AFC-8840-00761C7EBE24}"
EndProject
Project("{FAE04EC0-301F-11D3-BF4B-00C04F79EFBC}") = "AutoFix.SettingsUi.Tests", "ui\settings-ui-tests\AutoFix.SettingsUi.Tests.csproj", "{BFC90C08-9BE8-4054-A494-F178E43BB9E9}"
EndProject
Global
	GlobalSection(SolutionConfigurationPlatforms) = preSolution
		Debug|Any CPU = Debug|Any CPU
		Release|Any CPU = Release|Any CPU
	EndGlobalSection
	GlobalSection(ProjectConfigurationPlatforms) = postSolution
		{A1C55F1E-57CB-4D58-915E-A77F3A4C5B21}.Debug|Any CPU.ActiveCfg = Debug|Any CPU
		{A1C55F1E-57CB-4D58-915E-A77F3A4C5B21}.Debug|Any CPU.Build.0 = Debug|Any CPU
		{A1C55F1E-57CB-4D58-915E-A77F3A4C5B21}.Release|Any CPU.ActiveCfg = Release|Any CPU
		{A1C55F1E-57CB-4D58-915E-A77F3A4C5B21}.Release|Any CPU.Build.0 = Release|Any CPU
		{BFC90C08-9BE8-4054-A494-F178E43BB9E9}.Debug|Any CPU.ActiveCfg = Debug|Any CPU
		{BFC90C08-9BE8-4054-A494-F178E43BB9E9}.Debug|Any CPU.Build.0 = Debug|Any CPU
		{BFC90C08-9BE8-4054-A494-F178E43BB9E9}.Release|Any CPU.ActiveCfg = Release|Any CPU
		{BFC90C08-9BE8-4054-A494-F178E43BB9E9}.Release|Any CPU.Build.0 = Release|Any CPU
	EndGlobalSection
	GlobalSection(NestedProjects) = preSolution
		{BFC90C08-9BE8-4054-A494-F178E43BB9E9} = {413417B5-7CE1-4AFC-8840-00761C7EBE24}
	EndGlobalSection
EndGlobal
